
Microsoft Visual Studio Solution File, Format Version 12.00
# Visual Studio Version 16
VisualStudioVersion = 16.0.31205.134
MinimumVisualStudioVersion = 10.0.40219.1
Project("{FAE04EC0-301F-11D3-BF4B-00C04F79EFBC}") = "Entities", "Entities\Entities.csproj", "{E9B61C86-BF7C-4510-BB88-2F97222E7060}"
EndProject
Project("{FAE04EC0-301F-11D3-BF4B-00C04F79EFBC}") = "DataAccess", "DataAccess\DataAccess.csproj", "{D8C2D43A-D02E-44FA-999C-E2F9D7B4AC66}"
EndProject
Project("{FAE04EC0-301F-11D3-BF4B-00C04F79EFBC}") = "Business", "Business\Business.csproj", "{B5699650-C5CE-4E99-9FD0-CA46C88A38F2}"
EndProject
Project("{FAE04EC0-301F-11D3-BF4B-00C04F79EFBC}") = "Core", "Core\Core.csproj", "{7F64FFD2-0668-4C61-8D6A-EB7141E2F504}"
EndProject
Project("{FAE04EC0-301F-11D3-BF4B-00C04F79EFBC}") = "ConsoleUi", "ConsoleUi\ConsoleUi.csproj", "{90FE047B-045D-418C-AA74-482CB94B4EF0}"
EndProject
Global
	GlobalSection(SolutionConfigurationPlatforms) = preSolution
		Debug|Any CPU = Debug|Any CPU
		Release|Any CPU = Release|Any CPU
	EndGlobalSection
	GlobalSection(ProjectConfigurationPlatforms) = postSolution
		{E9B61C86-BF7C-4510-BB88-2F97222E7060}.Debug|Any CPU.ActiveCfg = Debug|Any CPU
		{E9B61C86-BF7C-4510-BB88-2F97222E7060}.Debug|Any CPU.Build.0 = Debug|Any CPU
		{E9B61C86-BF7C-4510-BB88-2F97222E7060}.Release|Any CPU.ActiveCfg = Release|Any CPU
		{E9B61C86-BF7C-4510-BB88-2F97222E7060}.Release|Any CPU.Build.0 = Release|Any CPU
		{D8C2D43A-D02E-44FA-999C-E2F9D7B4AC66}.Debug|Any CPU.ActiveCfg = Debug|Any CPU
		{D8C2D43A-D02E-44FA-999C-E2F9D7B4AC66}.Debug|Any CPU.Build.0 = Debug|Any CPU
		{D8C2D43A-D02E-44FA-999C-E2F9D7B4AC66}.Release|Any CPU.ActiveCfg = Release|Any CPU
		{D8C2D43A-D02E-44FA-999C-E2F9D7B4AC66}.Release|Any CPU.Build.0 = Release|Any CPU
		{B5699650-C5CE-4E99-9FD0-CA46C88A38F2}.Debug|Any CPU.ActiveCfg = Debug|Any CPU
		{B5699650-C5CE-4E99-9FD0-CA46C88A38F2}.Debug|Any CPU.Build.0 = Debug|Any CPU
		{B5699650-C5CE-4E99-9FD0-CA46C88A38F2}.Release|Any CPU.ActiveCfg = Release|Any CPU
		{B5699650-C5CE-4E99-9FD0-CA46C88A38F2}.Release|Any CPU.Build.0 = Release|Any CPU
		{7F64FFD2-0668-4C61-8D6A-EB7141E2F504}.Debug|Any CPU.ActiveCfg = Debug|Any CPU
		{7F64FFD2-0668-4C61-8D6A-EB7141E2F504}.Debug|Any CPU.Build.0 = Debug|Any CPU
		{7F64FFD2-0668-4C61-8D6A-EB7141E2F504}.Release|Any CPU.ActiveCfg = Release|Any CPU
		{7F64FFD2-0668-4C61-8D6A-EB7141E2F504}.Release|Any CPU.Build.0 = Release|Any CPU
		{90FE047B-045D-418C-AA74-482CB94B4EF0}.Debug|Any CPU.ActiveCfg = Debug|Any CPU
		{90FE047B-045D-418C-AA74-482CB94B4EF0}.Debug|Any CPU.Build.0 = Debug|Any CPU
		{90FE047B-045D-418C-AA74-482CB94B4EF0}.Release|Any CPU.ActiveCfg = Release|Any CPU
		{90FE047B-045D-418C-AA74-482CB94B4EF0}.Release|Any CPU.Build.0 = Release|Any CPU
	EndGlobalSection
	GlobalSection(SolutionProperties) = preSolution
		HideSolutionNode = FALSE
	EndGlobalSection
	GlobalSection(ExtensibilityGlobals) = postSolution
		SolutionGuid = {76A742B7-2483-41C4-8BF2-F787F6F83BD5}
	EndGlobalSection
EndGlobal
